{
  "requires": true,
  "lockfileVersion": 1,
  "dependencies": {
    "@fontsource/open-sans": {
      "version": "5.0.28",
      "resolved": "https://registry.npmjs.org/@fontsource/open-sans/-/open-sans-5.0.28.tgz",
      "integrity": "sha512-hBvJHY76pJT/JynGUB5EXWhnzjYfLdcMn655J5p1v9lTT9HdQSy+keq2KPVXO2Htlg998BBa3p6u/jlrZ6w0kg=="
    },
    "@fortawesome/fontawesome-free": {
      "version": "6.6.0",
      "resolved": "https://registry.npmjs.org/@fortawesome/fontawesome-free/-/fontawesome-free-6.6.0.tgz",
      "integrity": "sha512-60G28ke/sXdtS9KZCpZSHHkCbdsOGEhIUGlwq6yhY74UpTiToIh8np7A8yphhM4BWsvNFtIvLpi4co+h9Mr9Ow=="
    }
  }
}
